
Microsoft Visual Studio Solution File, Format Version 11.00
# Visual Studio 2010
Project("{FAE04EC0-301F-11D3-BF4B-00C04F79EFBC}") = "DBSCAN_GUI", "DBSCAN_GUI\DBSCAN_GUI.csproj", "{C3A65DCA-749B-4283-A309-3B2E2C8F0BB0}"
EndProject
Global
	GlobalSection(SolutionConfigurationPlatforms) = preSolution
		Debug|x86 = Debug|x86
		Release|x86 = Release|x86
	EndGlobalSection
	GlobalSection(ProjectConfigurationPlatforms) = postSolution
		{C3A65DCA-749B-4283-A309-3B2E2C8F0BB0}.Debug|x86.ActiveCfg = Debug|x86
		{C3A65DCA-749B-4283-A309-3B2E2C8F0BB0}.Debug|x86.Build.0 = Debug|x86
		{C3A65DCA-749B-4283-A309-3B2E2C8F0BB0}.Release|x86.ActiveCfg = Release|x86
		{C3A65DCA-749B-4283-A309-3B2E2C8F0BB0}.Release|x86.Build.0 = Release|x86
	EndGlobalSection
	GlobalSection(SolutionProperties) = preSolution
		HideSolutionNode = FALSE
	EndGlobalSection
EndGlobal
